
Microsoft Visual Studio Solution File, Format Version 12.00
# Visual Studio Version 17
VisualStudioVersion = 17.9.34728.123
MinimumVisualStudioVersion = 10.0.40219.1
Project("{2150E333-8FDC-42A3-9474-1A3956D46DE8}") = "Post.Cmd", "Post.Cmd", "{7F5F7F17-404E-4566-82D8-7242CB2F5247}"
EndProject
Project("{2150E333-8FDC-42A3-9474-1A3956D46DE8}") = "Post.Query", "Post.Query", "{9C08AEFF-7D33-40C8-B344-14FFB9BE3D85}"
EndProject
Project("{FAE04EC0-301F-11D3-BF4B-00C04F79EFBC}") = "Post.Cmd.Api", "Post.Cmd.Api\Post.Cmd.Api.csproj", "{3C012BA0-395E-4CC3-9224-3AEBB0A65D16}"
EndProject
Project("{FAE04EC0-301F-11D3-BF4B-00C04F79EFBC}") = "Post.Cmd.Common", "Post.Cmd.Doamin\Post.Cmd.Common.csproj", "{59B62BAD-7246-4B75-975C-1BE6562E59CD}"
EndProject
Project("{FAE04EC0-301F-11D3-BF4B-00C04F79EFBC}") = "Post.Cmd.Infrastructure", "Post.Cmd.Infrastructure\Post.Cmd.Infrastructure.csproj", "{A354764E-287F-4843-A073-40C5E78CC564}"
EndProject
Project("{FAE04EC0-301F-11D3-BF4B-00C04F79EFBC}") = "Post.Query.Api", "Post.Query.Api\Post.Query.Api.csproj", "{5F442F36-2C09-458C-900A-33471DEE4A22}"
EndProject
Project("{FAE04EC0-301F-11D3-BF4B-00C04F79EFBC}") = "Post.Query.Domain", "Post.Query.Domain\Post.Query.Domain.csproj", "{1D43869E-70E6-421D-9727-154834EFB5DD}"
EndProject
Project("{FAE04EC0-301F-11D3-BF4B-00C04F79EFBC}") = "Post.Query.Infrastructure", "Post.Query.Infrastructure\Post.Query.Infrastructure.csproj", "{EB990BB1-ADB6-468F-8340-60444076A04E}"
EndProject
Project("{2150E333-8FDC-42A3-9474-1A3956D46DE8}") = "CQRS", "CQRS", "{F644A3A7-574B-4D4D-96A2-CEDC7427842E}"
EndProject
Project("{FAE04EC0-301F-11D3-BF4B-00C04F79EFBC}") = "CQRS.Core", "CQRS.Core\CQRS.Core.csproj", "{7C1009B2-1524-4558-A994-A6AD22BA9EB0}"
EndProject
Global
	GlobalSection(SolutionConfigurationPlatforms) = preSolution
		Debug|Any CPU = Debug|Any CPU
		Release|Any CPU = Release|Any CPU
	EndGlobalSection
	GlobalSection(ProjectConfigurationPlatforms) = postSolution
		{3C012BA0-395E-4CC3-9224-3AEBB0A65D16}.Debug|Any CPU.ActiveCfg = Debug|Any CPU
		{3C012BA0-395E-4CC3-9224-3AEBB0A65D16}.Debug|Any CPU.Build.0 = Debug|Any CPU
		{3C012BA0-395E-4CC3-9224-3AEBB0A65D16}.Release|Any CPU.ActiveCfg = Release|Any CPU
		{3C012BA0-395E-4CC3-9224-3AEBB0A65D16}.Release|Any CPU.Build.0 = Release|Any CPU
		{59B62BAD-7246-4B75-975C-1BE6562E59CD}.Debug|Any CPU.ActiveCfg = Debug|Any CPU
		{59B62BAD-7246-4B75-975C-1BE6562E59CD}.Debug|Any CPU.Build.0 = Debug|Any CPU
		{59B62BAD-7246-4B75-975C-1BE6562E59CD}.Release|Any CPU.ActiveCfg = Release|Any CPU
		{59B62BAD-7246-4B75-975C-1BE6562E59CD}.Release|Any CPU.Build.0 = Release|Any CPU
		{A354764E-287F-4843-A073-40C5E78CC564}.Debug|Any CPU.ActiveCfg = Debug|Any CPU
		{A354764E-287F-4843-A073-40C5E78CC564}.Debug|Any CPU.Build.0 = Debug|Any CPU
		{A354764E-287F-4843-A073-40C5E78CC564}.Release|Any CPU.ActiveCfg = Release|Any CPU
		{A354764E-287F-4843-A073-40C5E78CC564}.Release|Any CPU.Build.0 = Release|Any CPU
		{5F442F36-2C09-458C-900A-33471DEE4A22}.Debug|Any CPU.ActiveCfg = Debug|Any CPU
		{5F442F36-2C09-458C-900A-33471DEE4A22}.Debug|Any CPU.Build.0 = Debug|Any CPU
		{5F442F36-2C09-458C-900A-33471DEE4A22}.Release|Any CPU.ActiveCfg = Release|Any CPU
		{5F442F36-2C09-458C-900A-33471DEE4A22}.Release|Any CPU.Build.0 = Release|Any CPU
		{1D43869E-70E6-421D-9727-154834EFB5DD}.Debug|Any CPU.ActiveCfg = Debug|Any CPU
		{1D43869E-70E6-421D-9727-154834EFB5DD}.Debug|Any CPU.Build.0 = Debug|Any CPU
		{1D43869E-70E6-421D-9727-154834EFB5DD}.Release|Any CPU.ActiveCfg = Release|Any CPU
		{1D43869E-70E6-421D-9727-154834EFB5DD}.Release|Any CPU.Build.0 = Release|Any CPU
		{EB990BB1-ADB6-468F-8340-60444076A04E}.Debug|Any CPU.ActiveCfg = Debug|Any CPU
		{EB990BB1-ADB6-468F-8340-60444076A04E}.Debug|Any CPU.Build.0 = Debug|Any CPU
		{EB990BB1-ADB6-468F-8340-60444076A04E}.Release|Any CPU.ActiveCfg = Release|Any CPU
		{EB990BB1-ADB6-468F-8340-60444076A04E}.Release|Any CPU.Build.0 = Release|Any CPU
		{7C1009B2-1524-4558-A994-A6AD22BA9EB0}.Debug|Any CPU.ActiveCfg = Debug|Any CPU
		{7C1009B2-1524-4558-A994-A6AD22BA9EB0}.Debug|Any CPU.Build.0 = Debug|Any CPU
		{7C1009B2-1524-4558-A994-A6AD22BA9EB0}.Release|Any CPU.ActiveCfg = Release|Any CPU
		{7C1009B2-1524-4558-A994-A6AD22BA9EB0}.Release|Any CPU.Build.0 = Release|Any CPU
	EndGlobalSection
	GlobalSection(SolutionProperties) = preSolution
		HideSolutionNode = FALSE
	EndGlobalSection
	GlobalSection(NestedProjects) = preSolution
		{3C012BA0-395E-4CC3-9224-3AEBB0A65D16} = {7F5F7F17-404E-4566-82D8-7242CB2F5247}
		{59B62BAD-7246-4B75-975C-1BE6562E59CD} = {7F5F7F17-404E-4566-82D8-7242CB2F5247}
		{A354764E-287F-4843-A073-40C5E78CC564} = {7F5F7F17-404E-4566-82D8-7242CB2F5247}
		{5F442F36-2C09-458C-900A-33471DEE4A22} = {9C08AEFF-7D33-40C8-B344-14FFB9BE3D85}
		{1D43869E-70E6-421D-9727-154834EFB5DD} = {9C08AEFF-7D33-40C8-B344-14FFB9BE3D85}
		{EB990BB1-ADB6-468F-8340-60444076A04E} = {9C08AEFF-7D33-40C8-B344-14FFB9BE3D85}
		{7C1009B2-1524-4558-A994-A6AD22BA9EB0} = {F644A3A7-574B-4D4D-96A2-CEDC7427842E}
	EndGlobalSection
	GlobalSection(ExtensibilityGlobals) = postSolution
		SolutionGuid = {9CB461B6-4F4A-4A03-9408-9FE869C71B00}
	EndGlobalSection
EndGlobal
